{
    "name": "osm-pools",
    "version": "1.0.0",
    "lockfileVersion": 1,
    "requires": true,
    "dependencies": {
        "@turf/centroid": {
            "version": "4.7.3",
            "resolved": "https://registry.npmjs.org/@turf/centroid/-/centroid-4.7.3.tgz",
            "integrity": "sha1-IFp2dXGbDI4XW7dWXF1v4mfYgXU=",
            "requires": {
                "@turf/helpers": "4.7.3",
                "@turf/meta": "4.7.4"
            }
        },
        "@turf/helpers": {
            "version": "4.7.3",
            "resolved": "https://registry.npmjs.org/@turf/helpers/-/helpers-4.7.3.tgz",
            "integrity": "sha1-vDEqxDyrPFMqSDFRxMOCxWSUKek="
        },
        "@turf/meta": {
            "version": "4.7.4",
            "resolved": "https://registry.npmjs.org/@turf/meta/-/meta-4.7.4.tgz",
            "integrity": "sha1-beLx6YkLj2S2aeS0fAmyCJMGOXc="
        }
    }
}
